
Microsoft Visual Studio Solution File, Format Version 12.00
# Visual Studio Version 16
VisualStudioVersion = 25.0.1704.2
MinimumVisualStudioVersion = 10.0.40219.1
Project("{FAE04EC0-301F-11D3-BF4B-00C04F79EFBC}") = "project3-walls and mines", "project3-walls and mines.csproj", "{F8F6DA4D-E5EF-4D80-9A81-1094A492A268}"
EndProject
Global
	GlobalSection(SolutionConfigurationPlatforms) = preSolution
		Debug|Any CPU = Debug|Any CPU
		Release|Any CPU = Release|Any CPU
	EndGlobalSection
	GlobalSection(ProjectConfigurationPlatforms) = postSolution
		{F8F6DA4D-E5EF-4D80-9A81-1094A492A268}.Debug|Any CPU.ActiveCfg = Debug|Any CPU
		{F8F6DA4D-E5EF-4D80-9A81-1094A492A268}.Debug|Any CPU.Build.0 = Debug|Any CPU
		{F8F6DA4D-E5EF-4D80-9A81-1094A492A268}.Release|Any CPU.ActiveCfg = Release|Any CPU
		{F8F6DA4D-E5EF-4D80-9A81-1094A492A268}.Release|Any CPU.Build.0 = Release|Any CPU
	EndGlobalSection
	GlobalSection(SolutionProperties) = preSolution
		HideSolutionNode = FALSE
	EndGlobalSection
	GlobalSection(ExtensibilityGlobals) = postSolution
		SolutionGuid = {6EC97E47-3438-4F5D-8B07-72D7A19B10A2}
	EndGlobalSection
EndGlobal
